
Microsoft Visual Studio Solution File, Format Version 12.00
# Visual Studio 15
VisualStudioVersion = 15.0.27703.2047
MinimumVisualStudioVersion = 10.0.40219.1
Project("{FAE04EC0-301F-11D3-BF4B-00C04F79EFBC}") = "DesktopApp1", "DesktopApp1\DesktopApp1.csproj", "{0D67B97A-197B-4A43-9CE0-7253A2CAEE3C}"
EndProject
Global
	GlobalSection(SolutionConfigurationPlatforms) = preSolution
		Debug|Any CPU = Debug|Any CPU
		Release|Any CPU = Release|Any CPU
	EndGlobalSection
	GlobalSection(ProjectConfigurationPlatforms) = postSolution
		{0D67B97A-197B-4A43-9CE0-7253A2CAEE3C}.Debug|Any CPU.ActiveCfg = Debug|Any CPU
		{0D67B97A-197B-4A43-9CE0-7253A2CAEE3C}.Debug|Any CPU.Build.0 = Debug|Any CPU
		{0D67B97A-197B-4A43-9CE0-7253A2CAEE3C}.Release|Any CPU.ActiveCfg = Release|Any CPU
		{0D67B97A-197B-4A43-9CE0-7253A2CAEE3C}.Release|Any CPU.Build.0 = Release|Any CPU
	EndGlobalSection
	GlobalSection(SolutionProperties) = preSolution
		HideSolutionNode = FALSE
	EndGlobalSection
	GlobalSection(ExtensibilityGlobals) = postSolution
		SolutionGuid = {EF43EAF1-D4BD-4CED-BC4E-F4CB77047ECA}
	EndGlobalSection
EndGlobal
